{
  "name": "@flourish/template-examples-circle",
  "version": "1.0.0",
  "lockfileVersion": 1,
  "requires": true,
  "dependencies": {
    "d3-selection": {
      "version": "1.1.0",
      "resolved": "https://registry.npmjs.org/d3-selection/-/d3-selection-1.1.0.tgz",
      "integrity": "sha1-GZhoSJZIj4OcoDchI9o08dMYgJw="
    },
    "d3-transition": {
      "version": "1.1.0",
      "resolved": "https://registry.npmjs.org/d3-transition/-/d3-transition-1.1.0.tgz",
      "integrity": "sha1-z8hcdOUjkyQpBUZiNXKZBWDDlm8=",
      "requires": {
        "d3-color": "1.0.3",
        "d3-dispatch": "1.0.3",
        "d3-ease": "1.0.3",
        "d3-interpolate": "1.1.5",
        "d3-selection": "1.1.0",
        "d3-timer": "1.0.7"
      },
      "dependencies": {
        "d3-color": {
          "version": "1.0.3",
          "resolved": "https://registry.npmjs.org/d3-color/-/d3-color-1.0.3.tgz",
          "integrity": "sha1-vHZD/KjlOoNH4vva/6I2eWtYUJs="
        },
        "d3-dispatch": {
          "version": "1.0.3",
          "resolved": "https://registry.npmjs.org/d3-dispatch/-/d3-dispatch-1.0.3.tgz",
          "integrity": "sha1-RuFJHqqbWMNY/OW+TovtYm54cfg="
        },
        "d3-ease": {
          "version": "1.0.3",
          "resolved": "https://registry.npmjs.org/d3-ease/-/d3-ease-1.0.3.tgz",
          "integrity": "sha1-aL+8NJM4o4DETYrMT7wzBKotjA4="
        },
        "d3-interpolate": {
          "version": "1.1.5",
          "resolved": "https://registry.npmjs.org/d3-interpolate/-/d3-interpolate-1.1.5.tgz",
          "integrity": "sha1-aeCZ/zkhRxblY8muw+qdHqS4p58=",
          "requires": {
            "d3-color": "1.0.3"
          }
        },
        "d3-timer": {
          "version": "1.0.7",
          "resolved": "https://registry.npmjs.org/d3-timer/-/d3-timer-1.0.7.tgz",
          "integrity": "sha512-vMZXR88XujmG/L5oB96NNKH5lCWwiLM/S2HyyAQLcjWJCloK5shxta4CwOFYLZoY3AWX73v8Lgv4cCAdWtRmOA=="
        }
      }
    },
    "rollup": {
      "version": "0.41.6",
      "resolved": "https://registry.npmjs.org/rollup/-/rollup-0.41.6.tgz",
      "integrity": "sha1-4NBUl4d6OYwQTYFtJzOnGKepTio=",
      "requires": {
        "source-map-support": "0.4.17"
      },
      "dependencies": {
        "source-map": {
          "version": "0.5.7",
          "resolved": "https://registry.npmjs.org/source-map/-/source-map-0.5.7.tgz",
          "integrity": "sha1-igOdLRAh0i0eoUyA2OpGi6LvP8w="
        },
        "source-map-support": {
          "version": "0.4.17",
          "resolved": "https://registry.npmjs.org/source-map-support/-/source-map-support-0.4.17.tgz",
          "integrity": "sha512-30c1Ch8FSjV0FwC253iftbbj0dU/OXoSg1LAEGZJUlGgjTNj6cu+DVqJWWIZJY5RXLWV4eFtR+4ouo0VIOYOTg==",
          "requires": {
            "source-map": "0.5.7"
          }
        }
      }
    },
    "rollup-plugin-node-resolve": {
      "version": "2.1.1",
      "resolved": "https://registry.npmjs.org/rollup-plugin-node-resolve/-/rollup-plugin-node-resolve-2.1.1.tgz",
      "integrity": "sha1-y7eDsNFbAnlNWJFTULLw2QK43cg=",
      "requires": {
        "browser-resolve": "1.11.2",
        "builtin-modules": "1.1.1",
        "resolve": "1.4.0"
      },
      "dependencies": {
        "browser-resolve": {
          "version": "1.11.2",
          "resolved": "https://registry.npmjs.org/browser-resolve/-/browser-resolve-1.11.2.tgz",
          "integrity": "sha1-j/CbCixCFxihBRwmCzLkj0QpOM4=",
          "requires": {
            "resolve": "1.1.7"
          },
          "dependencies": {
            "resolve": {
              "version": "1.1.7",
              "resolved": "https://registry.npmjs.org/resolve/-/resolve-1.1.7.tgz",
              "integrity": "sha1-IDEU2CrSxe2ejgQRs5ModeiJ6Xs="
            }
          }
        },
        "builtin-modules": {
          "version": "1.1.1",
          "resolved": "https://registry.npmjs.org/builtin-modules/-/builtin-modules-1.1.1.tgz",
          "integrity": "sha1-Jw8HbFpywC9bZaR9+Uxf46J4iS8="
        },
        "path-parse": {
          "version": "1.0.5",
          "resolved": "https://registry.npmjs.org/path-parse/-/path-parse-1.0.5.tgz",
          "integrity": "sha1-PBrfhx6pzWyUMbbqK9dKD/BVxME="
        },
        "resolve": {
          "version": "1.4.0",
          "resolved": "https://registry.npmjs.org/resolve/-/resolve-1.4.0.tgz",
          "integrity": "sha512-aW7sVKPufyHqOmyyLzg/J+8606v5nevBgaliIlV7nUpVMsDnoBGV/cbSLNjZAg9q0Cfd/+easKVKQ8vOu8fn1Q==",
          "requires": {
            "path-parse": "1.0.5"
          }
        }
      }
    },
    "rollup-plugin-uglify": {
      "version": "1.0.2",
      "resolved": "https://registry.npmjs.org/rollup-plugin-uglify/-/rollup-plugin-uglify-1.0.2.tgz",
      "integrity": "sha1-1KpvXfE1Iurhuhd4DHxMcJYDg1k=",
      "requires": {
        "uglify-js": "2.8.29"
      },
      "dependencies": {
        "align-text": {
          "version": "0.1.4",
          "resolved": "https://registry.npmjs.org/align-text/-/align-text-0.1.4.tgz",
          "integrity": "sha1-DNkKVhCT810KmSVsIrcGlDP60Rc=",
          "requires": {
            "kind-of": "3.2.2",
            "longest": "1.0.1",
            "repeat-string": "1.6.1"
          }
        },
        "camelcase": {
          "version": "1.2.1",
          "resolved": "https://registry.npmjs.org/camelcase/-/camelcase-1.2.1.tgz",
          "integrity": "sha1-m7UwTS4LVmmLLHWLCKPqqdqlijk="
        },
        "center-align": {
          "version": "0.1.3",
          "resolved": "https://registry.npmjs.org/center-align/-/center-align-0.1.3.tgz",
          "integrity": "sha1-qg0yYptu6XIgBBHL1EYckHvCt60=",
          "requires": {
            "align-text": "0.1.4",
            "lazy-cache": "1.0.4"
          }
        },
        "cliui": {
          "version": "2.1.0",
          "resolved": "https://registry.npmjs.org/cliui/-/cliui-2.1.0.tgz",
          "integrity": "sha1-S0dXYP+AJkx2LDoXGQMukcf+oNE=",
          "requires": {
            "center-align": "0.1.3",
            "right-align": "0.1.3",
            "wordwrap": "0.0.2"
          }
        },
        "decamelize": {
          "version": "1.2.0",
          "resolved": "https://registry.npmjs.org/decamelize/-/decamelize-1.2.0.tgz",
          "integrity": "sha1-9lNNFRSCabIDUue+4m9QH5oZEpA="
        },
        "is-buffer": {
          "version": "1.1.5",
          "resolved": "https://registry.npmjs.org/is-buffer/-/is-buffer-1.1.5.tgz",
          "integrity": "sha1-Hzsm72E7IUuIy8ojzGwB2Hlh7sw="
        },
        "kind-of": {
          "version": "3.2.2",
          "resolved": "https://registry.npmjs.org/kind-of/-/kind-of-3.2.2.tgz",
          "integrity": "sha1-MeohpzS6ubuw8yRm2JOupR5KPGQ=",
          "requires": {
            "is-buffer": "1.1.5"
          }
        },
        "lazy-cache": {
          "version": "1.0.4",
          "resolved": "https://registry.npmjs.org/lazy-cache/-/lazy-cache-1.0.4.tgz",
          "integrity": "sha1-odePw6UEdMuAhF07O24dpJpEbo4="
        },
        "longest": {
          "version": "1.0.1",
          "resolved": "https://registry.npmjs.org/longest/-/longest-1.0.1.tgz",
          "integrity": "sha1-MKCy2jj3N3DoKUoNIuZiXtd9AJc="
        },
        "repeat-string": {
          "version": "1.6.1",
          "resolved": "https://registry.npmjs.org/repeat-string/-/repeat-string-1.6.1.tgz",
          "integrity": "sha1-jcrkcOHIirwtYA//Sndihtp15jc="
        },
        "right-align": {
          "version": "0.1.3",
          "resolved": "https://registry.npmjs.org/right-align/-/right-align-0.1.3.tgz",
          "integrity": "sha1-YTObci/mo1FWiSENJOFMlhSGE+8=",
          "requires": {
            "align-text": "0.1.4"
          }
        },
        "source-map": {
          "version": "0.5.7",
          "resolved": "https://registry.npmjs.org/source-map/-/source-map-0.5.7.tgz",
          "integrity": "sha1-igOdLRAh0i0eoUyA2OpGi6LvP8w="
        },
        "uglify-js": {
          "version": "2.8.29",
          "resolved": "https://registry.npmjs.org/uglify-js/-/uglify-js-2.8.29.tgz",
          "integrity": "sha1-KcVzMUgFe7Th913zW3qcty5qWd0=",
          "requires": {
            "source-map": "0.5.7",
            "uglify-to-browserify": "1.0.2",
            "yargs": "3.10.0"
          }
        },
        "uglify-to-browserify": {
          "version": "1.0.2",
          "resolved": "https://registry.npmjs.org/uglify-to-browserify/-/uglify-to-browserify-1.0.2.tgz",
          "integrity": "sha1-bgkk1r2mta/jSeOabWMoUKD4grc=",
          "optional": true
        },
        "window-size": {
          "version": "0.1.0",
          "resolved": "https://registry.npmjs.org/window-size/-/window-size-0.1.0.tgz",
          "integrity": "sha1-VDjNLqk7IC76Ohn+iIeu58lPnJ0="
        },
        "wordwrap": {
          "version": "0.0.2",
          "resolved": "https://registry.npmjs.org/wordwrap/-/wordwrap-0.0.2.tgz",
          "integrity": "sha1-t5Zpu0LstAn4PVg8rVLKF+qhZD8="
        },
        "yargs": {
          "version": "3.10.0",
          "resolved": "https://registry.npmjs.org/yargs/-/yargs-3.10.0.tgz",
          "integrity": "sha1-9+572FfdfB0tOMDnTvvWgdFDH9E=",
          "requires": {
            "camelcase": "1.2.1",
            "cliui": "2.1.0",
            "decamelize": "1.2.0",
            "window-size": "0.1.0"
          }
        }
      }
    }
  }
}
